
Microsoft Visual Studio Solution File, Format Version 12.00
# Visual Studio Version 17
VisualStudioVersion = 17.8.34322.80
MinimumVisualStudioVersion = 10.0.40219.1
Project("{8BC9CEB8-8B4A-11D0-8D11-00A0C91BC942}") = "DragNotifier", "DragNotifier\DragNotifier.vcxproj", "{18357E97-6A42-4D53-B91E-E1DB1CC9F073}"
EndProject
Project("{FAE04EC0-301F-11D3-BF4B-00C04F79EFBC}") = "DragNotifierTest", "DragNotifierTest\DragNotifierTest.csproj", "{62635C62-E4A7-4196-8963-6962ADA1E8FD}"
EndProject
Project("{8BC9CEB8-8B4A-11D0-8D11-00A0C91BC942}") = "DragNotifierServer", "DragNotifierServer\DragNotifierServer.vcxproj", "{C8887F8F-4AEE-4073-B1A0-F57356743444}"
EndProject
Global
	GlobalSection(SolutionConfigurationPlatforms) = preSolution
		Debug|Any CPU = Debug|Any CPU
		Debug|x64 = Debug|x64
		Debug|x86 = Debug|x86
		Release|Any CPU = Release|Any CPU
		Release|x64 = Release|x64
		Release|x86 = Release|x86
	EndGlobalSection
	GlobalSection(ProjectConfigurationPlatforms) = postSolution
		{18357E97-6A42-4D53-B91E-E1DB1CC9F073}.Debug|Any CPU.ActiveCfg = Debug|x64
		{18357E97-6A42-4D53-B91E-E1DB1CC9F073}.Debug|Any CPU.Build.0 = Debug|x64
		{18357E97-6A42-4D53-B91E-E1DB1CC9F073}.Debug|x64.ActiveCfg = Debug|x64
		{18357E97-6A42-4D53-B91E-E1DB1CC9F073}.Debug|x64.Build.0 = Debug|x64
		{18357E97-6A42-4D53-B91E-E1DB1CC9F073}.Debug|x86.ActiveCfg = Debug|Win32
		{18357E97-6A42-4D53-B91E-E1DB1CC9F073}.Debug|x86.Build.0 = Debug|Win32
		{18357E97-6A42-4D53-B91E-E1DB1CC9F073}.Release|Any CPU.ActiveCfg = Release|x64
		{18357E97-6A42-4D53-B91E-E1DB1CC9F073}.Release|Any CPU.Build.0 = Release|x64
		{18357E97-6A42-4D53-B91E-E1DB1CC9F073}.Release|x64.ActiveCfg = Release|x64
		{18357E97-6A42-4D53-B91E-E1DB1CC9F073}.Release|x64.Build.0 = Release|x64
		{18357E97-6A42-4D53-B91E-E1DB1CC9F073}.Release|x86.ActiveCfg = Release|Win32
		{18357E97-6A42-4D53-B91E-E1DB1CC9F073}.Release|x86.Build.0 = Release|Win32
		{62635C62-E4A7-4196-8963-6962ADA1E8FD}.Debug|Any CPU.ActiveCfg = Debug|Any CPU
		{62635C62-E4A7-4196-8963-6962ADA1E8FD}.Debug|Any CPU.Build.0 = Debug|Any CPU
		{62635C62-E4A7-4196-8963-6962ADA1E8FD}.Debug|x64.ActiveCfg = Debug|Any CPU
		{62635C62-E4A7-4196-8963-6962ADA1E8FD}.Debug|x64.Build.0 = Debug|Any CPU
		{62635C62-E4A7-4196-8963-6962ADA1E8FD}.Debug|x86.ActiveCfg = Debug|Any CPU
		{62635C62-E4A7-4196-8963-6962ADA1E8FD}.Debug|x86.Build.0 = Debug|Any CPU
		{62635C62-E4A7-4196-8963-6962ADA1E8FD}.Release|Any CPU.ActiveCfg = Release|Any CPU
		{62635C62-E4A7-4196-8963-6962ADA1E8FD}.Release|Any CPU.Build.0 = Release|Any CPU
		{62635C62-E4A7-4196-8963-6962ADA1E8FD}.Release|x64.ActiveCfg = Release|Any CPU
		{62635C62-E4A7-4196-8963-6962ADA1E8FD}.Release|x64.Build.0 = Release|Any CPU
		{62635C62-E4A7-4196-8963-6962ADA1E8FD}.Release|x86.ActiveCfg = Release|Any CPU
		{62635C62-E4A7-4196-8963-6962ADA1E8FD}.Release|x86.Build.0 = Release|Any CPU
		{C8887F8F-4AEE-4073-B1A0-F57356743444}.Debug|Any CPU.ActiveCfg = Debug|x64
		{C8887F8F-4AEE-4073-B1A0-F57356743444}.Debug|Any CPU.Build.0 = Debug|x64
		{C8887F8F-4AEE-4073-B1A0-F57356743444}.Debug|x64.ActiveCfg = Debug|x64
		{C8887F8F-4AEE-4073-B1A0-F57356743444}.Debug|x64.Build.0 = Debug|x64
		{C8887F8F-4AEE-4073-B1A0-F57356743444}.Debug|x86.ActiveCfg = Debug|Win32
		{C8887F8F-4AEE-4073-B1A0-F57356743444}.Debug|x86.Build.0 = Debug|Win32
		{C8887F8F-4AEE-4073-B1A0-F57356743444}.Release|Any CPU.ActiveCfg = Release|x64
		{C8887F8F-4AEE-4073-B1A0-F57356743444}.Release|Any CPU.Build.0 = Release|x64
		{C8887F8F-4AEE-4073-B1A0-F57356743444}.Release|x64.ActiveCfg = Release|x64
		{C8887F8F-4AEE-4073-B1A0-F57356743444}.Release|x64.Build.0 = Release|x64
		{C8887F8F-4AEE-4073-B1A0-F57356743444}.Release|x86.ActiveCfg = Release|Win32
		{C8887F8F-4AEE-4073-B1A0-F57356743444}.Release|x86.Build.0 = Release|Win32
	EndGlobalSection
	GlobalSection(SolutionProperties) = preSolution
		HideSolutionNode = FALSE
	EndGlobalSection
	GlobalSection(ExtensibilityGlobals) = postSolution
		SolutionGuid = {22C56F90-41D2-40E6-BCA0-DF198367AB32}
	EndGlobalSection
EndGlobal
