
Microsoft Visual Studio Solution File, Format Version 12.00
# Visual Studio Version 17
VisualStudioVersion = 17.8.34322.80
MinimumVisualStudioVersion = 10.0.40219.1
Project("{FAE04EC0-301F-11D3-BF4B-00C04F79EFBC}") = "DragNotifierTest", "DragNotifierTest.csproj", "{62635C62-E4A7-4196-8963-6962ADA1E8FD}"
EndProject
Global
	GlobalSection(SolutionConfigurationPlatforms) = preSolution
		Debug|Any CPU = Debug|Any CPU
		Release|Any CPU = Release|Any CPU
	EndGlobalSection
	GlobalSection(ProjectConfigurationPlatforms) = postSolution
		{62635C62-E4A7-4196-8963-6962ADA1E8FD}.Debug|Any CPU.ActiveCfg = Debug|Any CPU
		{62635C62-E4A7-4196-8963-6962ADA1E8FD}.Debug|Any CPU.Build.0 = Debug|Any CPU
		{62635C62-E4A7-4196-8963-6962ADA1E8FD}.Release|Any CPU.ActiveCfg = Release|Any CPU
		{62635C62-E4A7-4196-8963-6962ADA1E8FD}.Release|Any CPU.Build.0 = Release|Any CPU
	EndGlobalSection
	GlobalSection(SolutionProperties) = preSolution
		HideSolutionNode = FALSE
	EndGlobalSection
	GlobalSection(ExtensibilityGlobals) = postSolution
		SolutionGuid = {81285644-ED14-408C-8375-50C897C761B9}
	EndGlobalSection
EndGlobal
